
Microsoft Visual Studio Solution File, Format Version 12.00
# Visual Studio Version 16
VisualStudioVersion = 16.0.31729.503
MinimumVisualStudioVersion = 10.0.40219.1
Project("{8BC9CEB8-8B4A-11D0-8D11-00A0C91BC942}") = "dz9_rumyantseva_KVBO-01-21", "dz9_rumyantseva_KVBO-01-21\dz9_rumyantseva_KVBO-01-21.vcxproj", "{6A359AF7-F1CA-4D38-B231-2756A4732119}"
EndProject
Global
	GlobalSection(SolutionConfigurationPlatforms) = preSolution
		Debug|x64 = Debug|x64
		Debug|x86 = Debug|x86
		Release|x64 = Release|x64
		Release|x86 = Release|x86
	EndGlobalSection
	GlobalSection(ProjectConfigurationPlatforms) = postSolution
		{6A359AF7-F1CA-4D38-B231-2756A4732119}.Debug|x64.ActiveCfg = Debug|x64
		{6A359AF7-F1CA-4D38-B231-2756A4732119}.Debug|x64.Build.0 = Debug|x64
		{6A359AF7-F1CA-4D38-B231-2756A4732119}.Debug|x86.ActiveCfg = Debug|Win32
		{6A359AF7-F1CA-4D38-B231-2756A4732119}.Debug|x86.Build.0 = Debug|Win32
		{6A359AF7-F1CA-4D38-B231-2756A4732119}.Release|x64.ActiveCfg = Release|x64
		{6A359AF7-F1CA-4D38-B231-2756A4732119}.Release|x64.Build.0 = Release|x64
		{6A359AF7-F1CA-4D38-B231-2756A4732119}.Release|x86.ActiveCfg = Release|Win32
		{6A359AF7-F1CA-4D38-B231-2756A4732119}.Release|x86.Build.0 = Release|Win32
	EndGlobalSection
	GlobalSection(SolutionProperties) = preSolution
		HideSolutionNode = FALSE
	EndGlobalSection
	GlobalSection(ExtensibilityGlobals) = postSolution
		SolutionGuid = {A1809E0E-5A26-411E-B90C-E7D6DDC85252}
	EndGlobalSection
EndGlobal
